
Microsoft Visual Studio Solution File, Format Version 12.00
# Visual Studio 15
VisualStudioVersion = 15.0.28307.2092
MinimumVisualStudioVersion = 10.0.40219.1
Project("{8BC9CEB8-8B4A-11D0-8D11-00A0C91BC942}") = "HW3", "HW3\HW3.vcxproj", "{FBE4F950-55FE-4CF5-AADF-C6B94EC743D1}"
EndProject
Global
	GlobalSection(SolutionConfigurationPlatforms) = preSolution
		Debug|x64 = Debug|x64
		Debug|x86 = Debug|x86
		Release|x64 = Release|x64
		Release|x86 = Release|x86
	EndGlobalSection
	GlobalSection(ProjectConfigurationPlatforms) = postSolution
		{FBE4F950-55FE-4CF5-AADF-C6B94EC743D1}.Debug|x64.ActiveCfg = Debug|x64
		{FBE4F950-55FE-4CF5-AADF-C6B94EC743D1}.Debug|x64.Build.0 = Debug|x64
		{FBE4F950-55FE-4CF5-AADF-C6B94EC743D1}.Debug|x86.ActiveCfg = Debug|Win32
		{FBE4F950-55FE-4CF5-AADF-C6B94EC743D1}.Debug|x86.Build.0 = Debug|Win32
		{FBE4F950-55FE-4CF5-AADF-C6B94EC743D1}.Release|x64.ActiveCfg = Release|x64
		{FBE4F950-55FE-4CF5-AADF-C6B94EC743D1}.Release|x64.Build.0 = Release|x64
		{FBE4F950-55FE-4CF5-AADF-C6B94EC743D1}.Release|x86.ActiveCfg = Release|Win32
		{FBE4F950-55FE-4CF5-AADF-C6B94EC743D1}.Release|x86.Build.0 = Release|Win32
	EndGlobalSection
	GlobalSection(SolutionProperties) = preSolution
		HideSolutionNode = FALSE
	EndGlobalSection
	GlobalSection(ExtensibilityGlobals) = postSolution
		SolutionGuid = {85CEBD37-3025-415C-9A35-8483F43D1984}
	EndGlobalSection
EndGlobal
